
Microsoft Visual Studio Solution File, Format Version 12.00
# Visual Studio Version 17
VisualStudioVersion = 17.1.32228.430
MinimumVisualStudioVersion = 10.0.40219.1
Project("{2150E333-8FDC-42A3-9474-1A3956D46DE8}") = "src", "src", "{A5D75ABA-F1E2-41A1-A9A0-E237AB9A11A0}"
EndProject
Project("{2150E333-8FDC-42A3-9474-1A3956D46DE8}") = "Core", "Core", "{F8FAE295-E109-49C7-8D5D-85A1426DCE6C}"
EndProject
Project("{2150E333-8FDC-42A3-9474-1A3956D46DE8}") = "Infraestructure", "Infraestructure", "{7D979292-EAF4-4BA7-9D17-3A1314F44BB2}"
EndProject
Project("{2150E333-8FDC-42A3-9474-1A3956D46DE8}") = "Presentation", "Presentation", "{3760A1A9-30EA-48FA-BB77-DE3D466FFEE7}"
EndProject
Project("{9A19103F-16F7-4668-BE54-9A1E7A4F7556}") = "Domain", "src\Domain\Domain.csproj", "{600BA86E-5F7F-417F-B97E-D5769D7DAACC}"
EndProject
Project("{9A19103F-16F7-4668-BE54-9A1E7A4F7556}") = "Persistence", "src\Persistence\Persistence.csproj", "{42480807-0C92-4FCE-860B-16E6F1C87101}"
EndProject
Project("{9A19103F-16F7-4668-BE54-9A1E7A4F7556}") = "Shared", "src\Shared\Shared.csproj", "{F3223E04-403F-4F43-AA19-BF1137392525}"
EndProject
Project("{9A19103F-16F7-4668-BE54-9A1E7A4F7556}") = "Application", "src\Application\Application.csproj", "{F8DB09B2-4AEF-4F22-9742-789AD3CEF4BE}"
EndProject
Project("{9A19103F-16F7-4668-BE54-9A1E7A4F7556}") = "WebAPI", "src\WebAPI\WebAPI.csproj", "{CAE124A7-DCE7-40DC-BB53-88995D7112A6}"
EndProject
Global
	GlobalSection(SolutionConfigurationPlatforms) = preSolution
		Debug|Any CPU = Debug|Any CPU
		Release|Any CPU = Release|Any CPU
	EndGlobalSection
	GlobalSection(ProjectConfigurationPlatforms) = postSolution
		{600BA86E-5F7F-417F-B97E-D5769D7DAACC}.Debug|Any CPU.ActiveCfg = Debug|Any CPU
		{600BA86E-5F7F-417F-B97E-D5769D7DAACC}.Debug|Any CPU.Build.0 = Debug|Any CPU
		{600BA86E-5F7F-417F-B97E-D5769D7DAACC}.Release|Any CPU.ActiveCfg = Release|Any CPU
		{600BA86E-5F7F-417F-B97E-D5769D7DAACC}.Release|Any CPU.Build.0 = Release|Any CPU
		{42480807-0C92-4FCE-860B-16E6F1C87101}.Debug|Any CPU.ActiveCfg = Debug|Any CPU
		{42480807-0C92-4FCE-860B-16E6F1C87101}.Debug|Any CPU.Build.0 = Debug|Any CPU
		{42480807-0C92-4FCE-860B-16E6F1C87101}.Release|Any CPU.ActiveCfg = Release|Any CPU
		{42480807-0C92-4FCE-860B-16E6F1C87101}.Release|Any CPU.Build.0 = Release|Any CPU
		{F3223E04-403F-4F43-AA19-BF1137392525}.Debug|Any CPU.ActiveCfg = Debug|Any CPU
		{F3223E04-403F-4F43-AA19-BF1137392525}.Debug|Any CPU.Build.0 = Debug|Any CPU
		{F3223E04-403F-4F43-AA19-BF1137392525}.Release|Any CPU.ActiveCfg = Release|Any CPU
		{F3223E04-403F-4F43-AA19-BF1137392525}.Release|Any CPU.Build.0 = Release|Any CPU
		{F8DB09B2-4AEF-4F22-9742-789AD3CEF4BE}.Debug|Any CPU.ActiveCfg = Debug|Any CPU
		{F8DB09B2-4AEF-4F22-9742-789AD3CEF4BE}.Debug|Any CPU.Build.0 = Debug|Any CPU
		{F8DB09B2-4AEF-4F22-9742-789AD3CEF4BE}.Release|Any CPU.ActiveCfg = Release|Any CPU
		{F8DB09B2-4AEF-4F22-9742-789AD3CEF4BE}.Release|Any CPU.Build.0 = Release|Any CPU
		{CAE124A7-DCE7-40DC-BB53-88995D7112A6}.Debug|Any CPU.ActiveCfg = Debug|Any CPU
		{CAE124A7-DCE7-40DC-BB53-88995D7112A6}.Debug|Any CPU.Build.0 = Debug|Any CPU
		{CAE124A7-DCE7-40DC-BB53-88995D7112A6}.Release|Any CPU.ActiveCfg = Release|Any CPU
		{CAE124A7-DCE7-40DC-BB53-88995D7112A6}.Release|Any CPU.Build.0 = Release|Any CPU
	EndGlobalSection
	GlobalSection(SolutionProperties) = preSolution
		HideSolutionNode = FALSE
	EndGlobalSection
	GlobalSection(NestedProjects) = preSolution
		{F8FAE295-E109-49C7-8D5D-85A1426DCE6C} = {A5D75ABA-F1E2-41A1-A9A0-E237AB9A11A0}
		{7D979292-EAF4-4BA7-9D17-3A1314F44BB2} = {A5D75ABA-F1E2-41A1-A9A0-E237AB9A11A0}
		{3760A1A9-30EA-48FA-BB77-DE3D466FFEE7} = {A5D75ABA-F1E2-41A1-A9A0-E237AB9A11A0}
		{600BA86E-5F7F-417F-B97E-D5769D7DAACC} = {F8FAE295-E109-49C7-8D5D-85A1426DCE6C}
		{42480807-0C92-4FCE-860B-16E6F1C87101} = {7D979292-EAF4-4BA7-9D17-3A1314F44BB2}
		{F3223E04-403F-4F43-AA19-BF1137392525} = {7D979292-EAF4-4BA7-9D17-3A1314F44BB2}
		{F8DB09B2-4AEF-4F22-9742-789AD3CEF4BE} = {F8FAE295-E109-49C7-8D5D-85A1426DCE6C}
		{CAE124A7-DCE7-40DC-BB53-88995D7112A6} = {3760A1A9-30EA-48FA-BB77-DE3D466FFEE7}
	EndGlobalSection
	GlobalSection(ExtensibilityGlobals) = postSolution
		SolutionGuid = {D889B18D-B2A7-4282-97B2-878697597F06}
	EndGlobalSection
EndGlobal
